
Microsoft Visual Studio Solution File, Format Version 12.00
# Visual Studio Version 17
VisualStudioVersion = 17.8.34322.80
MinimumVisualStudioVersion = 10.0.40219.1
Project("{FAE04EC0-301F-11D3-BF4B-00C04F79EFBC}") = "AxBcAdmin", "AxBcAdmin\AxBcAdmin.csproj", "{219867D2-FB87-4B8F-909C-48A603C8DB8B}"
EndProject
Global
	GlobalSection(SolutionConfigurationPlatforms) = preSolution
		Debug|Any CPU = Debug|Any CPU
		Release|Any CPU = Release|Any CPU
	EndGlobalSection
	GlobalSection(ProjectConfigurationPlatforms) = postSolution
		{219867D2-FB87-4B8F-909C-48A603C8DB8B}.Debug|Any CPU.ActiveCfg = Debug|Any CPU
		{219867D2-FB87-4B8F-909C-48A603C8DB8B}.Debug|Any CPU.Build.0 = Debug|Any CPU
		{219867D2-FB87-4B8F-909C-48A603C8DB8B}.Release|Any CPU.ActiveCfg = Release|Any CPU
		{219867D2-FB87-4B8F-909C-48A603C8DB8B}.Release|Any CPU.Build.0 = Release|Any CPU
	EndGlobalSection
	GlobalSection(SolutionProperties) = preSolution
		HideSolutionNode = FALSE
	EndGlobalSection
	GlobalSection(ExtensibilityGlobals) = postSolution
		SolutionGuid = {6AD20CAD-3779-4A1C-A250-4C67AC704D27}
	EndGlobalSection
EndGlobal
